<?xml version="1.0" encoding="utf-8"?>
<Project ToolsVersion="4.0" xmlns="http://schemas.microsoft.com/developer/msbuild/2003">
  <ItemGroup>
    <Filter Include="Source Files">
      <UniqueIdentifier>{4FC737F1-C7A5-4376-A066-2A32D752A2FF}</UniqueIdentifier>
      <Extensions>cpp;c;cc;cxx;def;odl;idl;hpj;bat;asm;asmx</Extensions>
    </Filter>
    <Filter Include="Header Files">
      <UniqueIdentifier>{93995380-89BD-4b04-88EB-625FBE52EBFB}</UniqueIdentifier>
      <Extensions>h;hh;hpp;hxx;hm;inl;inc;ipp;xsd</Extensions>
    </Filter>
    <Filter Include="Resource Files">
      <UniqueIdentifier>{67DA6AB6-F800-4c08-8B7A-83BB121AAD01}</UniqueIdentifier>
      <Extensions>rc;ico;cur;bmp;dlg;rc2;rct;bin;rgs;gif;jpg;jpeg;jpe;resx;tiff;tif;png;wav;mfcribbon-ms</Extensions>
    </Filter>
    <Filter Include="Header Files\DirectX">
      <UniqueIdentifier>{fd17d5dc-20c2-42b4-80ac-0bae38f5e6e6}</UniqueIdentifier>
    </Filter>
    <Filter Include="Source Files\DirectX">
      <UniqueIdentifier>{a5278907-f3bd-4be5-9f2f-55887aaca140}</UniqueIdentifier>
    </Filter>
    <Filter Include="Header Files\Service">
      <UniqueIdentifier>{f378d4d8-5ee3-4d00-9b00-22347b0d108d}</UniqueIdentifier>
    </Filter>
    <Filter Include="Source Files\Service">
      <UniqueIdentifier>{855bd5a0-6bfa-45a9-9522-2470d9dbb714}</UniqueIdentifier>
    </Filter>
  </ItemGroup>
  <ItemGroup>
    <ClInclude Include="..\..\src\Server\Application.hpp">
      <Filter>Header Files</Filter>
    </ClInclude>
    <ClInclude Include="..\..\src\Server\Commands.hpp">
      <Filter>Header Files</Filter>
    </ClInclude>
    <ClInclude Include="..\..\src\Server\ScreenCapturer.hpp">
      <Filter>Header Files\DirectX</Filter>
    </ClInclude>
    <ClInclude Include="..\..\src\Server\WebCamCapturer.hpp">
      <Filter>Header Files\DirectX</Filter>
    </ClInclude>
    <ClInclude Include="..\..\src\pch.h">
      <Filter>Header Files\Service</Filter>
    </ClInclude>
    <ClInclude Include="..\..\src\Tools.hpp">
      <Filter>Header Files\Service</Filter>
    </ClInclude>
    <ClInclude Include="..\..\src\Debugger.h">
      <Filter>Header Files\Service</Filter>
    </ClInclude>
  </ItemGroup>
  <ItemGroup>
    <ClCompile Include="..\..\src\Server\Application.cpp">
      <Filter>Source Files</Filter>
    </ClCompile>
    <ClCompile Include="..\..\src\Server\main.cpp">
      <Filter>Source Files</Filter>
    </ClCompile>
    <ClCompile Include="..\..\src\Server\Commands.cpp">
      <Filter>Source Files</Filter>
    </ClCompile>
    <ClCompile Include="..\..\src\Server\ScreenCapturer.cpp">
      <Filter>Source Files\DirectX</Filter>
    </ClCompile>
    <ClCompile Include="..\..\src\Debugger.c">
      <Filter>Source Files\Service</Filter>
    </ClCompile>
    <ClCompile Include="..\..\src\pch.cpp">
      <Filter>Source Files\Service</Filter>
    </ClCompile>
    <ClCompile Include="..\..\src\Server\WebCamCapturer.cpp">
      <Filter>Source Files\DirectX</Filter>
    </ClCompile>
    <ClCompile Include="..\..\src\Network.cpp">
      <Filter>Source Files\Service</Filter>
    </ClCompile>
    <ClCompile Include="..\..\src\Tools.cpp">
      <Filter>Source Files\Service</Filter>
    </ClCompile>
  </ItemGroup>
  <ItemGroup>
    <None Include="..\..\src\Server\autorun.inf">
      <Filter>Resource Files</Filter>
    </None>
    <None Include="..\..\src\Server\TrojanServer.vbs">
      <Filter>Resource Files</Filter>
    </None>
  </ItemGroup>
</Project>