
Microsoft Visual Studio Solution File, Format Version 12.00
# Visual Studio 15
VisualStudioVersion = 15.0.28010.2019
MinimumVisualStudioVersion = 10.0.40219.1
Project("{8BC9CEB8-8B4A-11D0-8D11-00A0C91BC942}") = "Injector", "Injector\Injector.vcxproj", "{4BED0A64-BE5D-48EC-84B4-B128EAC7C730}"
EndProject
Project("{8BC9CEB8-8B4A-11D0-8D11-00A0C91BC942}") = "Keylogger", "Keylogger\Keylogger.vcxproj", "{E35185BC-9B47-4C55-BF89-71094E41935E}"
EndProject
Project("{2150E333-8FDC-42A3-9474-1A3956D46DE8}") = "Solution Items", "Solution Items", "{C964F1A0-38CD-4C34-916B-85DA06DF726C}"
	ProjectSection(SolutionItems) = preProject
		..\.gitignore = ..\.gitignore
		..\src\Service\Constants.hpp = ..\src\Service\Constants.hpp
		..\LICENSE = ..\LICENSE
		..\README.md = ..\README.md
	EndProjectSection
EndProject
Project("{8BC9CEB8-8B4A-11D0-8D11-00A0C91BC942}") = "Server", "Server\Server.vcxproj", "{5587BA36-4052-4CB3-AC4F-8AA0CC8E9356}"
EndProject
Project("{FAE04EC0-301F-11D3-BF4B-00C04F79EFBC}") = "Client GUI", "Client GUI\Client GUI.csproj", "{8D6ACA0F-A1DF-40C1-93D5-07847CFAC4A8}"
	ProjectSection(ProjectDependencies) = postProject
		{AEEBFB0C-E8CF-4354-B570-27F07577542E} = {AEEBFB0C-E8CF-4354-B570-27F07577542E}
	EndProjectSection
EndProject
Project("{8BC9CEB8-8B4A-11D0-8D11-00A0C91BC942}") = "Client Console", "Client Console\Client Console.vcxproj", "{E4D8DA5B-BBB4-4245-8F95-A1E3FD07ADB5}"
EndProject
Project("{8BC9CEB8-8B4A-11D0-8D11-00A0C91BC942}") = "Client DLL", "Client DLL\Client DLL.vcxproj", "{AEEBFB0C-E8CF-4354-B570-27F07577542E}"
	ProjectSection(ProjectDependencies) = postProject
		{E4D8DA5B-BBB4-4245-8F95-A1E3FD07ADB5} = {E4D8DA5B-BBB4-4245-8F95-A1E3FD07ADB5}
	EndProjectSection
EndProject
Global
	GlobalSection(SolutionConfigurationPlatforms) = preSolution
		Debug|Any CPU = Debug|Any CPU
		Debug|ARM = Debug|ARM
		Debug|x64 = Debug|x64
		Debug|x86 = Debug|x86
		Release|Any CPU = Release|Any CPU
		Release|ARM = Release|ARM
		Release|x64 = Release|x64
		Release|x86 = Release|x86
	EndGlobalSection
	GlobalSection(ProjectConfigurationPlatforms) = postSolution
		{4BED0A64-BE5D-48EC-84B4-B128EAC7C730}.Debug|Any CPU.ActiveCfg = Debug|Win32
		{4BED0A64-BE5D-48EC-84B4-B128EAC7C730}.Debug|ARM.ActiveCfg = Debug|Win32
		{4BED0A64-BE5D-48EC-84B4-B128EAC7C730}.Debug|x64.ActiveCfg = Release|x64
		{4BED0A64-BE5D-48EC-84B4-B128EAC7C730}.Debug|x64.Build.0 = Release|x64
		{4BED0A64-BE5D-48EC-84B4-B128EAC7C730}.Debug|x86.ActiveCfg = Debug|Win32
		{4BED0A64-BE5D-48EC-84B4-B128EAC7C730}.Debug|x86.Build.0 = Debug|Win32
		{4BED0A64-BE5D-48EC-84B4-B128EAC7C730}.Release|Any CPU.ActiveCfg = Release|Win32
		{4BED0A64-BE5D-48EC-84B4-B128EAC7C730}.Release|ARM.ActiveCfg = Release|Win32
		{4BED0A64-BE5D-48EC-84B4-B128EAC7C730}.Release|x64.ActiveCfg = Release|x64
		{4BED0A64-BE5D-48EC-84B4-B128EAC7C730}.Release|x64.Build.0 = Release|x64
		{4BED0A64-BE5D-48EC-84B4-B128EAC7C730}.Release|x86.ActiveCfg = Release|Win32
		{4BED0A64-BE5D-48EC-84B4-B128EAC7C730}.Release|x86.Build.0 = Release|Win32
		{E35185BC-9B47-4C55-BF89-71094E41935E}.Debug|Any CPU.ActiveCfg = Debug|Win32
		{E35185BC-9B47-4C55-BF89-71094E41935E}.Debug|ARM.ActiveCfg = Debug|Win32
		{E35185BC-9B47-4C55-BF89-71094E41935E}.Debug|x64.ActiveCfg = Release|x64
		{E35185BC-9B47-4C55-BF89-71094E41935E}.Debug|x64.Build.0 = Release|x64
		{E35185BC-9B47-4C55-BF89-71094E41935E}.Debug|x86.ActiveCfg = Debug|Win32
		{E35185BC-9B47-4C55-BF89-71094E41935E}.Debug|x86.Build.0 = Debug|Win32
		{E35185BC-9B47-4C55-BF89-71094E41935E}.Release|Any CPU.ActiveCfg = Release|Win32
		{E35185BC-9B47-4C55-BF89-71094E41935E}.Release|ARM.ActiveCfg = Release|Win32
		{E35185BC-9B47-4C55-BF89-71094E41935E}.Release|x64.ActiveCfg = Release|x64
		{E35185BC-9B47-4C55-BF89-71094E41935E}.Release|x64.Build.0 = Release|x64
		{E35185BC-9B47-4C55-BF89-71094E41935E}.Release|x86.ActiveCfg = Release|Win32
		{E35185BC-9B47-4C55-BF89-71094E41935E}.Release|x86.Build.0 = Release|Win32
		{5587BA36-4052-4CB3-AC4F-8AA0CC8E9356}.Debug|Any CPU.ActiveCfg = Debug|Win32
		{5587BA36-4052-4CB3-AC4F-8AA0CC8E9356}.Debug|ARM.ActiveCfg = Debug|Win32
		{5587BA36-4052-4CB3-AC4F-8AA0CC8E9356}.Debug|x64.ActiveCfg = Release|x64
		{5587BA36-4052-4CB3-AC4F-8AA0CC8E9356}.Debug|x64.Build.0 = Release|x64
		{5587BA36-4052-4CB3-AC4F-8AA0CC8E9356}.Debug|x86.ActiveCfg = Debug|Win32
		{5587BA36-4052-4CB3-AC4F-8AA0CC8E9356}.Debug|x86.Build.0 = Debug|Win32
		{5587BA36-4052-4CB3-AC4F-8AA0CC8E9356}.Release|Any CPU.ActiveCfg = Release|Win32
		{5587BA36-4052-4CB3-AC4F-8AA0CC8E9356}.Release|ARM.ActiveCfg = Release|Win32
		{5587BA36-4052-4CB3-AC4F-8AA0CC8E9356}.Release|x64.ActiveCfg = Release|x64
		{5587BA36-4052-4CB3-AC4F-8AA0CC8E9356}.Release|x64.Build.0 = Release|x64
		{5587BA36-4052-4CB3-AC4F-8AA0CC8E9356}.Release|x86.ActiveCfg = Release|Win32
		{5587BA36-4052-4CB3-AC4F-8AA0CC8E9356}.Release|x86.Build.0 = Release|Win32
		{8D6ACA0F-A1DF-40C1-93D5-07847CFAC4A8}.Debug|Any CPU.ActiveCfg = Debug|Any CPU
		{8D6ACA0F-A1DF-40C1-93D5-07847CFAC4A8}.Debug|Any CPU.Build.0 = Debug|Any CPU
		{8D6ACA0F-A1DF-40C1-93D5-07847CFAC4A8}.Debug|ARM.ActiveCfg = Debug|Any CPU
		{8D6ACA0F-A1DF-40C1-93D5-07847CFAC4A8}.Debug|ARM.Build.0 = Debug|Any CPU
		{8D6ACA0F-A1DF-40C1-93D5-07847CFAC4A8}.Debug|x64.ActiveCfg = Debug|Any CPU
		{8D6ACA0F-A1DF-40C1-93D5-07847CFAC4A8}.Debug|x64.Build.0 = Debug|Any CPU
		{8D6ACA0F-A1DF-40C1-93D5-07847CFAC4A8}.Debug|x86.ActiveCfg = Debug|Any CPU
		{8D6ACA0F-A1DF-40C1-93D5-07847CFAC4A8}.Debug|x86.Build.0 = Debug|Any CPU
		{8D6ACA0F-A1DF-40C1-93D5-07847CFAC4A8}.Release|Any CPU.ActiveCfg = Release|Any CPU
		{8D6ACA0F-A1DF-40C1-93D5-07847CFAC4A8}.Release|Any CPU.Build.0 = Release|Any CPU
		{8D6ACA0F-A1DF-40C1-93D5-07847CFAC4A8}.Release|ARM.ActiveCfg = Release|Any CPU
		{8D6ACA0F-A1DF-40C1-93D5-07847CFAC4A8}.Release|ARM.Build.0 = Release|Any CPU
		{8D6ACA0F-A1DF-40C1-93D5-07847CFAC4A8}.Release|x64.ActiveCfg = Debug|Any CPU
		{8D6ACA0F-A1DF-40C1-93D5-07847CFAC4A8}.Release|x64.Build.0 = Debug|Any CPU
		{8D6ACA0F-A1DF-40C1-93D5-07847CFAC4A8}.Release|x86.ActiveCfg = Release|Any CPU
		{8D6ACA0F-A1DF-40C1-93D5-07847CFAC4A8}.Release|x86.Build.0 = Release|Any CPU
		{E4D8DA5B-BBB4-4245-8F95-A1E3FD07ADB5}.Debug|Any CPU.ActiveCfg = Debug|Win32
		{E4D8DA5B-BBB4-4245-8F95-A1E3FD07ADB5}.Debug|ARM.ActiveCfg = Debug|Win32
		{E4D8DA5B-BBB4-4245-8F95-A1E3FD07ADB5}.Debug|x64.ActiveCfg = Debug|x64
		{E4D8DA5B-BBB4-4245-8F95-A1E3FD07ADB5}.Debug|x64.Build.0 = Debug|x64
		{E4D8DA5B-BBB4-4245-8F95-A1E3FD07ADB5}.Debug|x86.ActiveCfg = Debug|Win32
		{E4D8DA5B-BBB4-4245-8F95-A1E3FD07ADB5}.Debug|x86.Build.0 = Debug|Win32
		{E4D8DA5B-BBB4-4245-8F95-A1E3FD07ADB5}.Release|Any CPU.ActiveCfg = Release|Win32
		{E4D8DA5B-BBB4-4245-8F95-A1E3FD07ADB5}.Release|ARM.ActiveCfg = Release|Win32
		{E4D8DA5B-BBB4-4245-8F95-A1E3FD07ADB5}.Release|x64.ActiveCfg = Debug|x64
		{E4D8DA5B-BBB4-4245-8F95-A1E3FD07ADB5}.Release|x64.Build.0 = Debug|x64
		{E4D8DA5B-BBB4-4245-8F95-A1E3FD07ADB5}.Release|x86.ActiveCfg = Release|Win32
		{E4D8DA5B-BBB4-4245-8F95-A1E3FD07ADB5}.Release|x86.Build.0 = Release|Win32
		{AEEBFB0C-E8CF-4354-B570-27F07577542E}.Debug|Any CPU.ActiveCfg = Debug|Win32
		{AEEBFB0C-E8CF-4354-B570-27F07577542E}.Debug|ARM.ActiveCfg = Debug|Win32
		{AEEBFB0C-E8CF-4354-B570-27F07577542E}.Debug|x64.ActiveCfg = Debug|x64
		{AEEBFB0C-E8CF-4354-B570-27F07577542E}.Debug|x64.Build.0 = Debug|x64
		{AEEBFB0C-E8CF-4354-B570-27F07577542E}.Debug|x86.ActiveCfg = Debug|Win32
		{AEEBFB0C-E8CF-4354-B570-27F07577542E}.Debug|x86.Build.0 = Debug|Win32
		{AEEBFB0C-E8CF-4354-B570-27F07577542E}.Release|Any CPU.ActiveCfg = Release|Win32
		{AEEBFB0C-E8CF-4354-B570-27F07577542E}.Release|ARM.ActiveCfg = Release|Win32
		{AEEBFB0C-E8CF-4354-B570-27F07577542E}.Release|x64.ActiveCfg = Debug|x64
		{AEEBFB0C-E8CF-4354-B570-27F07577542E}.Release|x64.Build.0 = Debug|x64
		{AEEBFB0C-E8CF-4354-B570-27F07577542E}.Release|x86.ActiveCfg = Release|Win32
		{AEEBFB0C-E8CF-4354-B570-27F07577542E}.Release|x86.Build.0 = Release|Win32
	EndGlobalSection
	GlobalSection(SolutionProperties) = preSolution
		HideSolutionNode = FALSE
	EndGlobalSection
	GlobalSection(ExtensibilityGlobals) = postSolution
		SolutionGuid = {0BDAF669-9F8A-43B8-BF00-6CD1C6151D4D}
	EndGlobalSection
EndGlobal
