<?xml version="1.0" encoding="utf-8"?>
<Project ToolsVersion="4.0" xmlns="http://schemas.microsoft.com/developer/msbuild/2003">
  <ItemGroup>
    <Filter Include="Source Files">
      <UniqueIdentifier>{4FC737F1-C7A5-4376-A066-2A32D752A2FF}</UniqueIdentifier>
      <Extensions>cpp;c;cc;cxx;def;odl;idl;hpj;bat;asm;asmx</Extensions>
    </Filter>
    <Filter Include="Header Files">
      <UniqueIdentifier>{93995380-89BD-4b04-88EB-625FBE52EBFB}</UniqueIdentifier>
      <Extensions>h;hh;hpp;hxx;hm;inl;inc;ipp;xsd</Extensions>
    </Filter>
    <Filter Include="Resource Files">
      <UniqueIdentifier>{67DA6AB6-F800-4c08-8B7A-83BB121AAD01}</UniqueIdentifier>
      <Extensions>rc;ico;cur;bmp;dlg;rc2;rct;bin;rgs;gif;jpg;jpeg;jpe;resx;tiff;tif;png;wav;mfcribbon-ms</Extensions>
    </Filter>
    <Filter Include="Header Files\Network">
      <UniqueIdentifier>{77e420cc-9aae-4f65-9b83-08e321b7fcfc}</UniqueIdentifier>
    </Filter>
    <Filter Include="Source Files\Network">
      <UniqueIdentifier>{d60918bd-88d5-4d15-993b-72862a9c1cd6}</UniqueIdentifier>
    </Filter>
    <Filter Include="Source Files\Network\Protocols">
      <UniqueIdentifier>{d4ff7901-7cd1-4533-9ac0-ef07ff5bba50}</UniqueIdentifier>
    </Filter>
    <Filter Include="Header Files\Network\Protocols">
      <UniqueIdentifier>{86f1b500-b69c-43fc-b93b-3d518a5c5313}</UniqueIdentifier>
    </Filter>
    <Filter Include="Source Files\Service">
      <UniqueIdentifier>{9a1e59be-886d-4a00-8ca0-7d232f06d892}</UniqueIdentifier>
    </Filter>
    <Filter Include="Header Files\Service">
      <UniqueIdentifier>{9167ae1d-c93e-4fbf-b440-5a2856b8221f}</UniqueIdentifier>
    </Filter>
    <Filter Include="Header Files\Commands">
      <UniqueIdentifier>{029bf898-667a-4c06-ad14-82b98e2bc798}</UniqueIdentifier>
    </Filter>
    <Filter Include="Source Files\Commands">
      <UniqueIdentifier>{23e30155-a182-4dd2-9a4a-14564b550d17}</UniqueIdentifier>
    </Filter>
  </ItemGroup>
  <ItemGroup>
    <ClCompile Include="..\..\src\Client\main.cpp">
      <Filter>Source Files</Filter>
    </ClCompile>
    <ClCompile Include="..\..\src\Network\TCPClient.cpp">
      <Filter>Source Files\Network</Filter>
    </ClCompile>
    <ClCompile Include="..\..\src\Client\Application.cpp">
      <Filter>Source Files</Filter>
    </ClCompile>
    <ClCompile Include="..\..\src\Network\Protocols\CommandMessageProtocol.cpp">
      <Filter>Source Files\Network\Protocols</Filter>
    </ClCompile>
    <ClCompile Include="..\..\src\Service\pch.cpp">
      <Filter>Source Files\Service</Filter>
    </ClCompile>
    <ClCompile Include="..\..\src\Service\Debugger.cpp">
      <Filter>Source Files\Service</Filter>
    </ClCompile>
    <ClCompile Include="..\..\src\Network\Protocols\DesktopImageMessageProtocol.cpp">
      <Filter>Source Files\Network\Protocols</Filter>
    </ClCompile>
    <ClCompile Include="..\..\src\Network\UDPParticipiant.cpp">
      <Filter>Source Files\Network</Filter>
    </ClCompile>
    <ClCompile Include="..\..\src\Server\CommandProperties.cpp">
      <Filter>Source Files\Commands</Filter>
    </ClCompile>
    <ClCompile Include="..\..\src\Network\TCPConnection.cpp">
      <Filter>Source Files\Network</Filter>
    </ClCompile>
  </ItemGroup>
  <ItemGroup>
    <ClInclude Include="..\..\src\Network\TCPClient.hpp">
      <Filter>Header Files\Network</Filter>
    </ClInclude>
    <ClInclude Include="..\..\src\Client\Application.hpp">
      <Filter>Header Files</Filter>
    </ClInclude>
    <ClInclude Include="..\..\src\Network\Protocols\CommandMessageProtocol.hpp">
      <Filter>Header Files\Network\Protocols</Filter>
    </ClInclude>
    <ClInclude Include="..\..\src\Service\pch.hpp">
      <Filter>Header Files\Service</Filter>
    </ClInclude>
    <ClInclude Include="..\..\src\Service\Debugger.hpp">
      <Filter>Header Files\Service</Filter>
    </ClInclude>
    <ClInclude Include="..\..\src\Network\Protocols\DesktopImageMessageProtocol.hpp">
      <Filter>Header Files\Network\Protocols</Filter>
    </ClInclude>
    <ClInclude Include="..\..\src\Network\UDPParticipiant.hpp">
      <Filter>Header Files\Network</Filter>
    </ClInclude>
    <ClInclude Include="..\..\src\Server\CommandProperties.hpp">
      <Filter>Header Files\Commands</Filter>
    </ClInclude>
    <ClInclude Include="..\..\src\Network\TCPConnection.hpp">
      <Filter>Header Files\Network</Filter>
    </ClInclude>
  </ItemGroup>
</Project>